
Microsoft Visual Studio Solution File, Format Version 12.00
# Visual Studio Version 16
VisualStudioVersion = 16.0.30804.86
MinimumVisualStudioVersion = 10.0.40219.1
Project("{9A19103F-16F7-4668-BE54-9A1E7A4F7556}") = "BlazorDotLiquid.Server", "Server\BlazorDotLiquid.Server.csproj", "{5B16D1F0-EBBF-4541-BBC5-9509B27D1309}"
EndProject
Project("{9A19103F-16F7-4668-BE54-9A1E7A4F7556}") = "BlazorDotLiquid.Client", "Client\BlazorDotLiquid.Client.csproj", "{C41FAABD-0437-4251-A38D-778740F8726B}"
EndProject
Project("{9A19103F-16F7-4668-BE54-9A1E7A4F7556}") = "BlazorDotLiquid.Shared", "Shared\BlazorDotLiquid.Shared.csproj", "{EAECC6D7-3A7F-4728-BBDE-465B626290E8}"
EndProject
Global
	GlobalSection(SolutionConfigurationPlatforms) = preSolution
		Debug|Any CPU = Debug|Any CPU
		Release|Any CPU = Release|Any CPU
	EndGlobalSection
	GlobalSection(ProjectConfigurationPlatforms) = postSolution
		{5B16D1F0-EBBF-4541-BBC5-9509B27D1309}.Debug|Any CPU.ActiveCfg = Debug|Any CPU
		{5B16D1F0-EBBF-4541-BBC5-9509B27D1309}.Debug|Any CPU.Build.0 = Debug|Any CPU
		{5B16D1F0-EBBF-4541-BBC5-9509B27D1309}.Release|Any CPU.ActiveCfg = Release|Any CPU
		{5B16D1F0-EBBF-4541-BBC5-9509B27D1309}.Release|Any CPU.Build.0 = Release|Any CPU
		{C41FAABD-0437-4251-A38D-778740F8726B}.Debug|Any CPU.ActiveCfg = Debug|Any CPU
		{C41FAABD-0437-4251-A38D-778740F8726B}.Debug|Any CPU.Build.0 = Debug|Any CPU
		{C41FAABD-0437-4251-A38D-778740F8726B}.Release|Any CPU.ActiveCfg = Release|Any CPU
		{C41FAABD-0437-4251-A38D-778740F8726B}.Release|Any CPU.Build.0 = Release|Any CPU
		{EAECC6D7-3A7F-4728-BBDE-465B626290E8}.Debug|Any CPU.ActiveCfg = Debug|Any CPU
		{EAECC6D7-3A7F-4728-BBDE-465B626290E8}.Debug|Any CPU.Build.0 = Debug|Any CPU
		{EAECC6D7-3A7F-4728-BBDE-465B626290E8}.Release|Any CPU.ActiveCfg = Release|Any CPU
		{EAECC6D7-3A7F-4728-BBDE-465B626290E8}.Release|Any CPU.Build.0 = Release|Any CPU
	EndGlobalSection
	GlobalSection(SolutionProperties) = preSolution
		HideSolutionNode = FALSE
	EndGlobalSection
	GlobalSection(ExtensibilityGlobals) = postSolution
		SolutionGuid = {07D11EE7-97C0-4DE1-A70F-80A54659E8FC}
	EndGlobalSection
EndGlobal
